
Microsoft Visual Studio Solution File, Format Version 12.00
# Visual Studio Version 16
VisualStudioVersion = 16.0.29728.190
MinimumVisualStudioVersion = 10.0.40219.1
Project("{9A19103F-16F7-4668-BE54-9A1E7A4F7556}") = "MathForGames", "MathForGames\MathForGames.csproj", "{4379A827-6D78-4087-99B5-7526F2873C22}"
EndProject
Project("{FAE04EC0-301F-11D3-BF4B-00C04F79EFBC}") = "MathLibrary", "MathLibrary\MathLibrary.csproj", "{5A893FA7-B8AB-4E7D-A9DE-125245B1AF7F}"
EndProject
Global
	GlobalSection(SolutionConfigurationPlatforms) = preSolution
		Debug|Any CPU = Debug|Any CPU
		Release|Any CPU = Release|Any CPU
	EndGlobalSection
	GlobalSection(ProjectConfigurationPlatforms) = postSolution
		{4379A827-6D78-4087-99B5-7526F2873C22}.Debug|Any CPU.ActiveCfg = Debug|Any CPU
		{4379A827-6D78-4087-99B5-7526F2873C22}.Debug|Any CPU.Build.0 = Debug|Any CPU
		{4379A827-6D78-4087-99B5-7526F2873C22}.Release|Any CPU.ActiveCfg = Release|Any CPU
		{4379A827-6D78-4087-99B5-7526F2873C22}.Release|Any CPU.Build.0 = Release|Any CPU
		{5A893FA7-B8AB-4E7D-A9DE-125245B1AF7F}.Debug|Any CPU.ActiveCfg = Debug|Any CPU
		{5A893FA7-B8AB-4E7D-A9DE-125245B1AF7F}.Debug|Any CPU.Build.0 = Debug|Any CPU
		{5A893FA7-B8AB-4E7D-A9DE-125245B1AF7F}.Release|Any CPU.ActiveCfg = Release|Any CPU
		{5A893FA7-B8AB-4E7D-A9DE-125245B1AF7F}.Release|Any CPU.Build.0 = Release|Any CPU
	EndGlobalSection
	GlobalSection(SolutionProperties) = preSolution
		HideSolutionNode = FALSE
	EndGlobalSection
	GlobalSection(ExtensibilityGlobals) = postSolution
		SolutionGuid = {3B805013-FE2D-4EA2-B884-EBAC71A0AF8A}
	EndGlobalSection
EndGlobal
